{
  "name": "@translatable/server",
  "version": "1.0.0",
  "lockfileVersion": 3,
  "requires": true,
  "packages": {
    "": {
      "name": "@translatable/server",
      "version": "1.0.0",
      "license": "ISC",
      "dependencies": {
        "hono": "^4.6.1"
      }
    },
    "node_modules/hono": {
      "version": "4.6.1",
      "resolved": "https://registry.npmjs.org/hono/-/hono-4.6.1.tgz",
      "integrity": "sha512-6NGwvttY1+HAFii08VYiEKI6ETPAFbpLntpm2M/MogEsAFWdZV74UNT+2M4bmqX90cIQhjlpBSP+tO+CfB0uww==",
      "engines": {
        "node": ">=16.0.0"
      }
    }
  }
}
